// !$*UTF8*$!
{
	archiveVersion = 1;
	classes = {
	};
	objectVersion = 51;
	objects = {

/* Begin PBXBuildFile section */
		203CAD3D220FB2AEDD1C2463 /* Pods_IncomingCall.framework in Frameworks */ = {isa = PBXBuildFile; fileRef = 1F200A240C9F5BF773AF9024 /* Pods_IncomingCall.framework */; };
		66BF265826E9FCC90048D176 /* AppDelegate.swift in Sources */ = {isa = PBXBuildFile; fileRef = 66BF265726E9FCC90048D176 /* AppDelegate.swift */; };
		66BF265A26E9FCC90048D176 /* SceneDelegate.swift in Sources */ = {isa = PBXBuildFile; fileRef = 66BF265926E9FCC90048D176 /* SceneDelegate.swift */; };
		66BF265C26E9FCC90048D176 /* ContentView.swift in Sources */ = {isa = PBXBuildFile; fileRef = 66BF265B26E9FCC90048D176 /* ContentView.swift */; };
		66BF265E26E9FCD00048D176 /* Assets.xcassets in Resources */ = {isa = PBXBuildFile; fileRef = 66BF265D26E9FCD00048D176 /* Assets.xcassets */; };
		66BF266126E9FCD00048D176 /* Preview Assets.xcassets in Resources */ = {isa = PBXBuildFile; fileRef = 66BF266026E9FCD00048D176 /* Preview Assets.xcassets */; };
		66BF266426E9FCD00048D176 /* LaunchScreen.storyboard in Resources */ = {isa = PBXBuildFile; fileRef = 66BF266226E9FCD00048D176 /* LaunchScreen.storyboard */; };
		66BF266C26EA003C0048D176 /* IncomingCall.swift in Sources */ = {isa = PBXBuildFile; fileRef = 66BF266B26EA003C0048D176 /* IncomingCall.swift */; };
/* End PBXBuildFile section */

/* Begin PBXFileReference section */
		1F200A240C9F5BF773AF9024 /* Pods_IncomingCall.framework */ = {isa = PBXFileReference; explicitFileType = wrapper.framework; includeInIndex = 0; path = Pods_IncomingCall.framework; sourceTree = BUILT_PRODUCTS_DIR; };
		4B0753133024A1C67E84CE1C /* Pods-IncomingCall.debug.xcconfig */ = {isa = PBXFileReference; includeInIndex = 1; lastKnownFileType = text.xcconfig; name = "Pods-IncomingCall.debug.xcconfig"; path = "Target Support Files/Pods-IncomingCall/Pods-IncomingCall.debug.xcconfig"; sourceTree = "<group>"; };
		4B835D0562384FC441266A58 /* Pods-IncomingCall.release.xcconfig */ = {isa = PBXFileReference; includeInIndex = 1; lastKnownFileType = text.xcconfig; name = "Pods-IncomingCall.release.xcconfig"; path = "Target Support Files/Pods-IncomingCall/Pods-IncomingCall.release.xcconfig"; sourceTree = "<group>"; };
		66BF265426E9FCC90048D176 /* IncomingCall.app */ = {isa = PBXFileReference; explicitFileType = wrapper.application; includeInIndex = 0; path = IncomingCall.app; sourceTree = BUILT_PRODUCTS_DIR; };
		66BF265726E9FCC90048D176 /* AppDelegate.swift */ = {isa = PBXFileReference; lastKnownFileType = sourcecode.swift; path = AppDelegate.swift; sourceTree = "<group>"; };
		66BF265926E9FCC90048D176 /* SceneDelegate.swift */ = {isa = PBXFileReference; lastKnownFileType = sourcecode.swift; path = SceneDelegate.swift; sourceTree = "<group>"; };
		66BF265B26E9FCC90048D176 /* ContentView.swift */ = {isa = PBXFileReference; lastKnownFileType = sourcecode.swift; path = ContentView.swift; sourceTree = "<group>"; };
		66BF265D26E9FCD00048D176 /* Assets.xcassets */ = {isa = PBXFileReference; lastKnownFileType = folder.assetcatalog; path = Assets.xcassets; sourceTree = "<group>"; };
		66BF266026E9FCD00048D176 /* Preview Assets.xcassets */ = {isa = PBXFileReference; lastKnownFileType = folder.assetcatalog; path = "Preview Assets.xcassets"; sourceTree = "<group>"; };
		66BF266326E9FCD00048D176 /* Base */ = {isa = PBXFileReference; lastKnownFileType = file.storyboard; name = Base; path = Base.lproj/LaunchScreen.storyboard; sourceTree = "<group>"; };
		66BF266526E9FCD00048D176 /* Info.plist */ = {isa = PBXFileReference; lastKnownFileType = text.plist.xml; path = Info.plist; sourceTree = "<group>"; };
		66BF266B26EA003C0048D176 /* IncomingCall.swift */ = {isa = PBXFileReference; fileEncoding = 4; lastKnownFileType = sourcecode.swift; path = IncomingCall.swift; sourceTree = "<group>"; };
/* End PBXFileReference section */

/* Begin PBXFrameworksBuildPhase section */
		66BF265126E9FCC90048D176 /* Frameworks */ = {
			isa = PBXFrameworksBuildPhase;
			buildActionMask = 2147483647;
			files = (
				203CAD3D220FB2AEDD1C2463 /* Pods_IncomingCall.framework in Frameworks */,
			);
			runOnlyForDeploymentPostprocessing = 0;
		};
/* End PBXFrameworksBuildPhase section */

/* Begin PBXGroup section */
		521BEF3D6EE06929A69119A3 /* Frameworks */ = {
			isa = PBXGroup;
			children = (
				1F200A240C9F5BF773AF9024 /* Pods_IncomingCall.framework */,
			);
			name = Frameworks;
			sourceTree = "<group>";
		};
		66BF264B26E9FCC90048D176 = {
			isa = PBXGroup;
			children = (
				66BF265626E9FCC90048D176 /* IncomingCall */,
				66BF265526E9FCC90048D176 /* Products */,
				8ED5175BFA4F710BD04F20C6 /* Pods */,
				521BEF3D6EE06929A69119A3 /* Frameworks */,
			);
			sourceTree = "<group>";
		};
		66BF265526E9FCC90048D176 /* Products */ = {
			isa = PBXGroup;
			children = (
				66BF265426E9FCC90048D176 /* IncomingCall.app */,
			);
			name = Products;
			sourceTree = "<group>";
		};
		66BF265626E9FCC90048D176 /* IncomingCall */ = {
			isa = PBXGroup;
			children = (
				66BF265726E9FCC90048D176 /* AppDelegate.swift */,
				66BF265926E9FCC90048D176 /* SceneDelegate.swift */,
				66BF265B26E9FCC90048D176 /* ContentView.swift */,
				66BF265D26E9FCD00048D176 /* Assets.xcassets */,
				66BF266226E9FCD00048D176 /* LaunchScreen.storyboard */,
				66BF266526E9FCD00048D176 /* Info.plist */,
				66BF266B26EA003C0048D176 /* IncomingCall.swift */,
				66BF265F26E9FCD00048D176 /* Preview Content */,
			);
			path = IncomingCall;
			sourceTree = "<group>";
		};
		66BF265F26E9FCD00048D176 /* Preview Content */ = {
			isa = PBXGroup;
			children = (
				66BF266026E9FCD00048D176 /* Preview Assets.xcassets */,
			);
			path = "Preview Content";
			sourceTree = "<group>";
		};
		8ED5175BFA4F710BD04F20C6 /* Pods */ = {
			isa = PBXGroup;
			children = (
				4B0753133024A1C67E84CE1C /* Pods-IncomingCall.debug.xcconfig */,
				4B835D0562384FC441266A58 /* Pods-IncomingCall.release.xcconfig */,
			);
			path = Pods;
			sourceTree = "<group>";
		};
/* End PBXGroup section */

/* Begin PBXNativeTarget section */
		66BF265326E9FCC90048D176 /* IncomingCall */ = {
			isa = PBXNativeTarget;
			buildConfigurationList = 66BF266826E9FCD00048D176 /* Build configuration list for PBXNativeTarget "IncomingCall" */;
			buildPhases = (
				1A16B6EAABD03BDFB6DDFABD /* [CP] Check Pods Manifest.lock */,
				66BF265026E9FCC90048D176 /* Sources */,
				66BF265126E9FCC90048D176 /* Frameworks */,
				66BF265226E9FCC90048D176 /* Resources */,
				37BA1CF9C1962947CFE3234B /* [CP] Embed Pods Frameworks */,
			);
			buildRules = (
			);
			dependencies = (
			);
			name = IncomingCall;
			productName = IncomingCall;
			productReference = 66BF265426E9FCC90048D176 /* IncomingCall.app */;
			productType = "com.apple.product-type.application";
		};
/* End PBXNativeTarget section */

/* Begin PBXProject section */
		66BF264C26E9FCC90048D176 /* Project object */ = {
			isa = PBXProject;
			attributes = {
				LastSwiftUpdateCheck = 1250;
				LastUpgradeCheck = 1250;
				TargetAttributes = {
					66BF265326E9FCC90048D176 = {
						CreatedOnToolsVersion = 12.5.1;
					};
				};
			};
			buildConfigurationList = 66BF264F26E9FCC90048D176 /* Build configuration list for PBXProject "IncomingCall" */;
			compatibilityVersion = "Xcode 9.3";
			developmentRegion = en;
			hasScannedForEncodings = 0;
			knownRegions = (
				en,
				Base,
			);
			mainGroup = 66BF264B26E9FCC90048D176;
			productRefGroup = 66BF265526E9FCC90048D176 /* Products */;
			projectDirPath = "";
			projectRoot = "";
			targets = (
				66BF265326E9FCC90048D176 /* IncomingCall */,
			);
		};
/* End PBXProject section */

/* Begin PBXResourcesBuildPhase section */
		66BF265226E9FCC90048D176 /* Resources */ = {
			isa = PBXResourcesBuildPhase;
			buildActionMask = 2147483647;
			files = (
				66BF266426E9FCD00048D176 /* LaunchScreen.storyboard in Resources */,
				66BF266126E9FCD00048D176 /* Preview Assets.xcassets in Resources */,
				66BF265E26E9FCD00048D176 /* Assets.xcassets in Resources */,
			);
			runOnlyForDeploymentPostprocessing = 0;
		};
/* End PBXResourcesBuildPhase section */

/* Begin PBXShellScriptBuildPhase section */
		1A16B6EAABD03BDFB6DDFABD /* [CP] Check Pods Manifest.lock */ = {
			isa = PBXShellScriptBuildPhase;
			buildActionMask = 2147483647;
			files = (
			);
			inputFileListPaths = (
			);
			inputPaths = (
				"${PODS_PODFILE_DIR_PATH}/Podfile.lock",
				"${PODS_ROOT}/Manifest.lock",
			);
			name = "[CP] Check Pods Manifest.lock";
			outputFileListPaths = (
			);
			outputPaths = (
				"$(DERIVED_FILE_DIR)/Pods-IncomingCall-checkManifestLockResult.txt",
			);
			runOnlyForDeploymentPostprocessing = 0;
			shellPath = /bin/sh;
			shellScript = "diff \"${PODS_PODFILE_DIR_PATH}/Podfile.lock\" \"${PODS_ROOT}/Manifest.lock\" > /dev/null\nif [ $? != 0 ] ; then\n    # print error to STDERR\n    echo \"error: The sandbox is not in sync with the Podfile.lock. Run 'pod install' or update your CocoaPods installation.\" >&2\n    exit 1\nfi\n# This output is used by Xcode 'outputs' to avoid re-running this script phase.\necho \"SUCCESS\" > \"${SCRIPT_OUTPUT_FILE_0}\"\n";
			showEnvVarsInLog = 0;
		};
		37BA1CF9C1962947CFE3234B /* [CP] Embed Pods Frameworks */ = {
			isa = PBXShellScriptBuildPhase;
			buildActionMask = 2147483647;
			files = (
			);
			inputFileListPaths = (
				"${PODS_ROOT}/Target Support Files/Pods-IncomingCall/Pods-IncomingCall-frameworks-${CONFIGURATION}-input-files.xcfilelist",
			);
			name = "[CP] Embed Pods Frameworks";
			outputFileListPaths = (
				"${PODS_ROOT}/Target Support Files/Pods-IncomingCall/Pods-IncomingCall-frameworks-${CONFIGURATION}-output-files.xcfilelist",
			);
			runOnlyForDeploymentPostprocessing = 0;
			shellPath = /bin/sh;
			shellScript = "\"${PODS_ROOT}/Target Support Files/Pods-IncomingCall/Pods-IncomingCall-frameworks.sh\"\n";
			showEnvVarsInLog = 0;
		};
/* End PBXShellScriptBuildPhase section */

/* Begin PBXSourcesBuildPhase section */
		66BF265026E9FCC90048D176 /* Sources */ = {
			isa = PBXSourcesBuildPhase;
			buildActionMask = 2147483647;
			files = (
				66BF265826E9FCC90048D176 /* AppDelegate.swift in Sources */,
				66BF266C26EA003C0048D176 /* IncomingCall.swift in Sources */,
				66BF265A26E9FCC90048D176 /* SceneDelegate.swift in Sources */,
				66BF265C26E9FCC90048D176 /* ContentView.swift in Sources */,
			);
			runOnlyForDeploymentPostprocessing = 0;
		};
/* End PBXSourcesBuildPhase section */

/* Begin PBXVariantGroup section */
		66BF266226E9FCD00048D176 /* LaunchScreen.storyboard */ = {
			isa = PBXVariantGroup;
			children = (
				66BF266326E9FCD00048D176 /* Base */,
			);
			name = LaunchScreen.storyboard;
			sourceTree = "<group>";
		};
/* End PBXVariantGroup section */

/* Begin XCBuildConfiguration section */
		66BF266626E9FCD00048D176 /* Debug */ = {
			isa = XCBuildConfiguration;
			buildSettings = {
				ALWAYS_SEARCH_USER_PATHS = NO;
				CLANG_ANALYZER_NONNULL = YES;
				CLANG_ANALYZER_NUMBER_OBJECT_CONVERSION = YES_AGGRESSIVE;
				CLANG_CXX_LANGUAGE_STANDARD = "gnu++14";
				CLANG_CXX_LIBRARY = "libc++";
				CLANG_ENABLE_MODULES = YES;
				CLANG_ENABLE_OBJC_ARC = YES;
				CLANG_ENABLE_OBJC_WEAK = YES;
				CLANG_WARN_BLOCK_CAPTURE_AUTORELEASING = YES;
				CLANG_WARN_BOOL_CONVERSION = YES;
				CLANG_WARN_COMMA = YES;
				CLANG_WARN_CONSTANT_CONVERSION = YES;
				CLANG_WARN_DEPRECATED_OBJC_IMPLEMENTATIONS = YES;
				CLANG_WARN_DIRECT_OBJC_ISA_USAGE = YES_ERROR;
				CLANG_WARN_DOCUMENTATION_COMMENTS = YES;
				CLANG_WARN_EMPTY_BODY = YES;
				CLANG_WARN_ENUM_CONVERSION = YES;
				CLANG_WARN_INFINITE_RECURSION = YES;
				CLANG_WARN_INT_CONVERSION = YES;
				CLANG_WARN_NON_LITERAL_NULL_CONVERSION = YES;
				CLANG_WARN_OBJC_IMPLICIT_RETAIN_SELF = YES;
				CLANG_WARN_OBJC_LITERAL_CONVERSION = YES;
				CLANG_WARN_OBJC_ROOT_CLASS = YES_ERROR;
				CLANG_WARN_QUOTED_INCLUDE_IN_FRAMEWORK_HEADER = YES;
				CLANG_WARN_RANGE_LOOP_ANALYSIS = YES;
				CLANG_WARN_STRICT_PROTOTYPES = YES;
				CLANG_WARN_SUSPICIOUS_MOVE = YES;
				CLANG_WARN_UNGUARDED_AVAILABILITY = YES_AGGRESSIVE;
				CLANG_WARN_UNREACHABLE_CODE = YES;
				CLANG_WARN__DUPLICATE_METHOD_MATCH = YES;
				COPY_PHASE_STRIP = NO;
				DEBUG_INFORMATION_FORMAT = dwarf;
				ENABLE_STRICT_OBJC_MSGSEND = YES;
				ENABLE_TESTABILITY = YES;
				GCC_C_LANGUAGE_STANDARD = gnu11;
				GCC_DYNAMIC_NO_PIC = NO;
				GCC_NO_COMMON_BLOCKS = YES;
				GCC_OPTIMIZATION_LEVEL = 0;
				GCC_PREPROCESSOR_DEFINITIONS = (
					"DEBUG=1",
					"$(inherited)",
				);
				GCC_WARN_64_TO_32_BIT_CONVERSION = YES;
				GCC_WARN_ABOUT_RETURN_TYPE = YES_ERROR;
				GCC_WARN_UNDECLARED_SELECTOR = YES;
				GCC_WARN_UNINITIALIZED_AUTOS = YES_AGGRESSIVE;
				GCC_WARN_UNUSED_FUNCTION = YES;
				GCC_WARN_UNUSED_VARIABLE = YES;
				IPHONEOS_DEPLOYMENT_TARGET = 14.5;
				MTL_ENABLE_DEBUG_INFO = INCLUDE_SOURCE;
				MTL_FAST_MATH = YES;
				ONLY_ACTIVE_ARCH = YES;
				SDKROOT = iphoneos;
				SWIFT_ACTIVE_COMPILATION_CONDITIONS = DEBUG;
				SWIFT_OPTIMIZATION_LEVEL = "-Onone";
			};
			name = Debug;
		};
		66BF266726E9FCD00048D176 /* Release */ = {
			isa = XCBuildConfiguration;
			buildSettings = {
				ALWAYS_SEARCH_USER_PATHS = NO;
				CLANG_ANALYZER_NONNULL = YES;
				CLANG_ANALYZER_NUMBER_OBJECT_CONVERSION = YES_AGGRESSIVE;
				CLANG_CXX_LANGUAGE_STANDARD = "gnu++14";
				CLANG_CXX_LIBRARY = "libc++";
				CLANG_ENABLE_MODULES = YES;
				CLANG_ENABLE_OBJC_ARC = YES;
				CLANG_ENABLE_OBJC_WEAK = YES;
				CLANG_WARN_BLOCK_CAPTURE_AUTORELEASING = YES;
				CLANG_WARN_BOOL_CONVERSION = YES;
				CLANG_WARN_COMMA = YES;
				CLANG_WARN_CONSTANT_CONVERSION = YES;
				CLANG_WARN_DEPRECATED_OBJC_IMPLEMENTATIONS = YES;
				CLANG_WARN_DIRECT_OBJC_ISA_USAGE = YES_ERROR;
				CLANG_WARN_DOCUMENTATION_COMMENTS = YES;
				CLANG_WARN_EMPTY_BODY = YES;
				CLANG_WARN_ENUM_CONVERSION = YES;
				CLANG_WARN_INFINITE_RECURSION = YES;
				CLANG_WARN_INT_CONVERSION = YES;
				CLANG_WARN_NON_LITERAL_NULL_CONVERSION = YES;
				CLANG_WARN_OBJC_IMPLICIT_RETAIN_SELF = YES;
				CLANG_WARN_OBJC_LITERAL_CONVERSION = YES;
				CLANG_WARN_OBJC_ROOT_CLASS = YES_ERROR;
				CLANG_WARN_QUOTED_INCLUDE_IN_FRAMEWORK_HEADER = YES;
				CLANG_WARN_RANGE_LOOP_ANALYSIS = YES;
				CLANG_WARN_STRICT_PROTOTYPES = YES;
				CLANG_WARN_SUSPICIOUS_MOVE = YES;
				CLANG_WARN_UNGUARDED_AVAILABILITY = YES_AGGRESSIVE;
				CLANG_WARN_UNREACHABLE_CODE = YES;
				CLANG_WARN__DUPLICATE_METHOD_MATCH = YES;
				COPY_PHASE_STRIP = NO;
				DEBUG_INFORMATION_FORMAT = "dwarf-with-dsym";
				ENABLE_NS_ASSERTIONS = NO;
				ENABLE_STRICT_OBJC_MSGSEND = YES;
				GCC_C_LANGUAGE_STANDARD = gnu11;
				GCC_NO_COMMON_BLOCKS = YES;
				GCC_WARN_64_TO_32_BIT_CONVERSION = YES;
				GCC_WARN_ABOUT_RETURN_TYPE = YES_ERROR;
				GCC_WARN_UNDECLARED_SELECTOR = YES;
				GCC_WARN_UNINITIALIZED_AUTOS = YES_AGGRESSIVE;
				GCC_WARN_UNUSED_FUNCTION = YES;
				GCC_WARN_UNUSED_VARIABLE = YES;
				IPHONEOS_DEPLOYMENT_TARGET = 14.5;
				MTL_ENABLE_DEBUG_INFO = NO;
				MTL_FAST_MATH = YES;
				SDKROOT = iphoneos;
				SWIFT_COMPILATION_MODE = wholemodule;
				SWIFT_OPTIMIZATION_LEVEL = "-O";
				VALIDATE_PRODUCT = YES;
			};
			name = Release;
		};
		66BF266926E9FCD00048D176 /* Debug */ = {
			isa = XCBuildConfiguration;
			baseConfigurationReference = 4B0753133024A1C67E84CE1C /* Pods-IncomingCall.debug.xcconfig */;
			buildSettings = {
				ASSETCATALOG_COMPILER_APPICON_NAME = AppIcon;
				ASSETCATALOG_COMPILER_GLOBAL_ACCENT_COLOR_NAME = AccentColor;
				CODE_SIGN_STYLE = Automatic;
				DEVELOPMENT_ASSET_PATHS = "\"IncomingCall/Preview Content\"";
				DEVELOPMENT_TEAM = Z2V957B3D6;
				ENABLE_PREVIEWS = YES;
				INFOPLIST_FILE = IncomingCall/Info.plist;
				LD_RUNPATH_SEARCH_PATHS = (
					"$(inherited)",
					"@executable_path/Frameworks",
				);
				PRODUCT_BUNDLE_IDENTIFIER = BC.IncomingCall;
				PRODUCT_NAME = "$(TARGET_NAME)";
				SWIFT_VERSION = 5.0;
				TARGETED_DEVICE_FAMILY = "1,2";
			};
			name = Debug;
		};
		66BF266A26E9FCD00048D176 /* Release */ = {
			isa = XCBuildConfiguration;
			baseConfigurationReference = 4B835D0562384FC441266A58 /* Pods-IncomingCall.release.xcconfig */;
			buildSettings = {
				ASSETCATALOG_COMPILER_APPICON_NAME = AppIcon;
				ASSETCATALOG_COMPILER_GLOBAL_ACCENT_COLOR_NAME = AccentColor;
				CODE_SIGN_STYLE = Automatic;
				DEVELOPMENT_ASSET_PATHS = "\"IncomingCall/Preview Content\"";
				DEVELOPMENT_TEAM = Z2V957B3D6;
				ENABLE_PREVIEWS = YES;
				INFOPLIST_FILE = IncomingCall/Info.plist;
				LD_RUNPATH_SEARCH_PATHS = (
					"$(inherited)",
					"@executable_path/Frameworks",
				);
				PRODUCT_BUNDLE_IDENTIFIER = BC.IncomingCall;
				PRODUCT_NAME = "$(TARGET_NAME)";
				SWIFT_VERSION = 5.0;
				TARGETED_DEVICE_FAMILY = "1,2";
			};
			name = Release;
		};
/* End XCBuildConfiguration section */

/* Begin XCConfigurationList section */
		66BF264F26E9FCC90048D176 /* Build configuration list for PBXProject "IncomingCall" */ = {
			isa = XCConfigurationList;
			buildConfigurations = (
				66BF266626E9FCD00048D176 /* Debug */,
				66BF266726E9FCD00048D176 /* Release */,
			);
			defaultConfigurationIsVisible = 0;
			defaultConfigurationName = Release;
		};
		66BF266826E9FCD00048D176 /* Build configuration list for PBXNativeTarget "IncomingCall" */ = {
			isa = XCConfigurationList;
			buildConfigurations = (
				66BF266926E9FCD00048D176 /* Debug */,
				66BF266A26E9FCD00048D176 /* Release */,
			);
			defaultConfigurationIsVisible = 0;
			defaultConfigurationName = Release;
		};
/* End XCConfigurationList section */
	};
	rootObject = 66BF264C26E9FCC90048D176 /* Project object */;
}
